
Microsoft Visual Studio Solution File, Format Version 12.00
# Visual Studio Version 17
VisualStudioVersion = 17.9.34616.47
MinimumVisualStudioVersion = 10.0.40219.1
Project("{9A19103F-16F7-4668-BE54-9A1E7A4F7556}") = "CSharp2_23_02", "CSharp2_23_02\CSharp2_23_02.csproj", "{78BC9BBD-551B-4DB9-A433-75C86BD0E0E8}"
EndProject
Project("{FAE04EC0-301F-11D3-BF4B-00C04F79EFBC}") = "TestExercise7", "TestExercise7\TestExercise7.csproj", "{ED7A6598-13E6-4F70-8D2C-19B430CBA461}"
EndProject
Global
	GlobalSection(SolutionConfigurationPlatforms) = preSolution
		Debug|Any CPU = Debug|Any CPU
		Release|Any CPU = Release|Any CPU
	EndGlobalSection
	GlobalSection(ProjectConfigurationPlatforms) = postSolution
		{78BC9BBD-551B-4DB9-A433-75C86BD0E0E8}.Debug|Any CPU.ActiveCfg = Debug|Any CPU
		{78BC9BBD-551B-4DB9-A433-75C86BD0E0E8}.Debug|Any CPU.Build.0 = Debug|Any CPU
		{78BC9BBD-551B-4DB9-A433-75C86BD0E0E8}.Release|Any CPU.ActiveCfg = Release|Any CPU
		{78BC9BBD-551B-4DB9-A433-75C86BD0E0E8}.Release|Any CPU.Build.0 = Release|Any CPU
		{ED7A6598-13E6-4F70-8D2C-19B430CBA461}.Debug|Any CPU.ActiveCfg = Debug|Any CPU
		{ED7A6598-13E6-4F70-8D2C-19B430CBA461}.Debug|Any CPU.Build.0 = Debug|Any CPU
		{ED7A6598-13E6-4F70-8D2C-19B430CBA461}.Release|Any CPU.ActiveCfg = Release|Any CPU
		{ED7A6598-13E6-4F70-8D2C-19B430CBA461}.Release|Any CPU.Build.0 = Release|Any CPU
	EndGlobalSection
	GlobalSection(SolutionProperties) = preSolution
		HideSolutionNode = FALSE
	EndGlobalSection
	GlobalSection(ExtensibilityGlobals) = postSolution
		SolutionGuid = {3404F407-6138-4954-8D70-A797209BE97B}
	EndGlobalSection
EndGlobal
